# This file was autogenerated by Stack.
# You should not edit this file by hand.
# For more information, please see the documentation at:
#   https://docs.haskellstack.org/en/stable/lock_files

packages:
- completed:
    hackage: envparse-0.4.1@sha256:989902e6368532548f61de1fa245ad2b39176cddd8743b20071af519a709ce30,2842
    pantry-tree:
      size: 1180
      sha256: 35044d67979fe2a5cff05cf8736a06a265592433cdd03e13a72908ceed892612
  original:
    hackage: envparse-0.4.1@sha256:989902e6368532548f61de1fa245ad2b39176cddd8743b20071af519a709ce30,2842
- completed:
    hackage: yamlparse-applicative-0.1.0.1@sha256:204fe56e9caa1658bb5e16382ede6e1c1d7ba7c8c11fbbb07d73b5cd64a666a5,2133
    pantry-tree:
      size: 799
      sha256: 8083e19c7351f3e8dc145a0418d070b57196456a942ad02e16a1c46295a159f6
  original:
    hackage: yamlparse-applicative-0.1.0.1@sha256:204fe56e9caa1658bb5e16382ede6e1c1d7ba7c8c11fbbb07d73b5cd64a666a5,2133
snapshots:
- completed:
    size: 523541
    url: https://raw.githubusercontent.com/commercialhaskell/stackage-snapshots/master/lts/14/23.yaml
    sha256: f761fe419a1a44fc3ef47f5bfb1853304d13320fc72b45d2798c08d21dabc23c
  original: lts-14.23
